
Microsoft Visual Studio Solution File, Format Version 12.00
# Visual Studio Version 16
VisualStudioVersion = 16.0.32510.428
MinimumVisualStudioVersion = 10.0.40219.1
Project("{FAE04EC0-301F-11D3-BF4B-00C04F79EFBC}") = "Science", "GraphPlotter\Science.csproj", "{4C7CCF2B-A3AF-4035-88FA-2E449321BC81}"
EndProject
Global
	GlobalSection(SolutionConfigurationPlatforms) = preSolution
		Debug|Any CPU = Debug|Any CPU
		Release|Any CPU = Release|Any CPU
	EndGlobalSection
	GlobalSection(ProjectConfigurationPlatforms) = postSolution
		{4C7CCF2B-A3AF-4035-88FA-2E449321BC81}.Debug|Any CPU.ActiveCfg = Debug|Any CPU
		{4C7CCF2B-A3AF-4035-88FA-2E449321BC81}.Debug|Any CPU.Build.0 = Debug|Any CPU
		{4C7CCF2B-A3AF-4035-88FA-2E449321BC81}.Release|Any CPU.ActiveCfg = Release|Any CPU
		{4C7CCF2B-A3AF-4035-88FA-2E449321BC81}.Release|Any CPU.Build.0 = Release|Any CPU
	EndGlobalSection
	GlobalSection(SolutionProperties) = preSolution
		HideSolutionNode = FALSE
	EndGlobalSection
	GlobalSection(ExtensibilityGlobals) = postSolution
		SolutionGuid = {28F53E55-BF96-4B60-BB77-47CB34AB069F}
	EndGlobalSection
EndGlobal
